// !$*UTF8*$!
{
	archiveVersion = 1;
	classes = {
	};
	objectVersion = 46;
	objects = {

/* Begin PBXBuildFile section */
		B94662F01F1ADFC000C9BD26 /* LoginViewSpec.swift in Sources */ = {isa = PBXBuildFile; fileRef = B94662EF1F1ADFC000C9BD26 /* LoginViewSpec.swift */; };
		B94662F11F1AE14100C9BD26 /* LoginView.swift in Sources */ = {isa = PBXBuildFile; fileRef = B9EBFF691F172DAB00F2EF58 /* LoginView.swift */; };
		B94662F41F1B043500C9BD26 /* AuthenticationViewControllerSpecs.swift in Sources */ = {isa = PBXBuildFile; fileRef = B94662F31F1B043500C9BD26 /* AuthenticationViewControllerSpecs.swift */; };
		B94662F61F1B04A600C9BD26 /* TestHelpers.swift in Sources */ = {isa = PBXBuildFile; fileRef = B94662F51F1B04A600C9BD26 /* TestHelpers.swift */; };
		B94662F81F1B063E00C9BD26 /* MainAssembly.swift in Sources */ = {isa = PBXBuildFile; fileRef = B94662F71F1B063E00C9BD26 /* MainAssembly.swift */; };
		B94662FE1F1B467600C9BD26 /* FakeAuthenticationKitchener.swift in Sources */ = {isa = PBXBuildFile; fileRef = B94662FD1F1B467600C9BD26 /* FakeAuthenticationKitchener.swift */; };
		B94663001F1B4A6000C9BD26 /* FakeAuthenticationVCRouting.swift in Sources */ = {isa = PBXBuildFile; fileRef = B94662FF1F1B4A6000C9BD26 /* FakeAuthenticationVCRouting.swift */; };
		B94663021F1B4ABC00C9BD26 /* FakeLoginView.swift in Sources */ = {isa = PBXBuildFile; fileRef = B94663011F1B4ABC00C9BD26 /* FakeLoginView.swift */; };
		B94663051F1C19FC00C9BD26 /* AuthenticationKitchenSpec.swift in Sources */ = {isa = PBXBuildFile; fileRef = B94663041F1C19FC00C9BD26 /* AuthenticationKitchenSpec.swift */; };
		B94663071F1C1A9300C9BD26 /* FakeFieldValidating.swift in Sources */ = {isa = PBXBuildFile; fileRef = B94663061F1C1A9300C9BD26 /* FakeFieldValidating.swift */; };
		B94663091F1C1AAE00C9BD26 /* FakeCoronaService.swift in Sources */ = {isa = PBXBuildFile; fileRef = B94663081F1C1AAE00C9BD26 /* FakeCoronaService.swift */; };
		B94663191F1C77D000C9BD26 /* CoronaDomainModelServicing.swift in Sources */ = {isa = PBXBuildFile; fileRef = B94663181F1C77D000C9BD26 /* CoronaDomainModelServicing.swift */; };
		B946631C1F1C780600C9BD26 /* CoronaBeer.swift in Sources */ = {isa = PBXBuildFile; fileRef = B946631B1F1C780600C9BD26 /* CoronaBeer.swift */; };
		B9EBFF431F15FAEC00F2EF58 /* AppDelegate.swift in Sources */ = {isa = PBXBuildFile; fileRef = B9EBFF421F15FAEC00F2EF58 /* AppDelegate.swift */; };
		B9EBFF451F15FAEC00F2EF58 /* AuthenticationViewController.swift in Sources */ = {isa = PBXBuildFile; fileRef = B9EBFF441F15FAEC00F2EF58 /* AuthenticationViewController.swift */; };
		B9EBFF481F15FAEC00F2EF58 /* Main.storyboard in Resources */ = {isa = PBXBuildFile; fileRef = B9EBFF461F15FAEC00F2EF58 /* Main.storyboard */; };
		B9EBFF4A1F15FAEC00F2EF58 /* Assets.xcassets in Resources */ = {isa = PBXBuildFile; fileRef = B9EBFF491F15FAEC00F2EF58 /* Assets.xcassets */; };
		B9EBFF4D1F15FAEC00F2EF58 /* LaunchScreen.storyboard in Resources */ = {isa = PBXBuildFile; fileRef = B9EBFF4B1F15FAEC00F2EF58 /* LaunchScreen.storyboard */; };
		B9EBFF6D1F172DBE00F2EF58 /* LoginView.xib in Resources */ = {isa = PBXBuildFile; fileRef = B9EBFF6C1F172DBE00F2EF58 /* LoginView.xib */; };
		B9EBFF6E1F172DBE00F2EF58 /* LoginView.xib in Resources */ = {isa = PBXBuildFile; fileRef = B9EBFF6C1F172DBE00F2EF58 /* LoginView.xib */; };
		B9FAB12A1F19F55F00530B6F /* AuthenticationKitchener.swift in Sources */ = {isa = PBXBuildFile; fileRef = B9FAB1291F19F55F00530B6F /* AuthenticationKitchener.swift */; };
		B9FAB12C1F19F6AD00530B6F /* AuthenticationKitchen.swift in Sources */ = {isa = PBXBuildFile; fileRef = B9FAB12B1F19F6AD00530B6F /* AuthenticationKitchen.swift */; };
		B9FAB12F1F19FC6800530B6F /* FastAndTheFuriousCastValidator.swift in Sources */ = {isa = PBXBuildFile; fileRef = B9FAB12E1F19FC6800530B6F /* FastAndTheFuriousCastValidator.swift */; };
		B9FAB1321F1A04A600530B6F /* CoronaService.swift in Sources */ = {isa = PBXBuildFile; fileRef = B9FAB1311F1A04A600530B6F /* CoronaService.swift */; };
		B9FAB1351F1A06AC00530B6F /* SwinjectStoryboard+2Farm2Furious.swift in Sources */ = {isa = PBXBuildFile; fileRef = B9FAB1341F1A06AC00530B6F /* SwinjectStoryboard+2Farm2Furious.swift */; };
		B9FAB1381F1A91B700530B6F /* StandardFieldValidator.swift in Sources */ = {isa = PBXBuildFile; fileRef = B9FAB1371F1A91B700530B6F /* StandardFieldValidator.swift */; };
		B9FAB13A1F1A921A00530B6F /* FieldValidating.swift in Sources */ = {isa = PBXBuildFile; fileRef = B9FAB1391F1A921A00530B6F /* FieldValidating.swift */; };
		B9FAB1411F1AADC000530B6F /* StoryboardProvider.swift in Sources */ = {isa = PBXBuildFile; fileRef = B9FAB1401F1AADC000530B6F /* StoryboardProvider.swift */; };
		B9FAB1441F1AAF3B00530B6F /* AuthenticationVCRouting.swift in Sources */ = {isa = PBXBuildFile; fileRef = B9FAB1431F1AAF3B00530B6F /* AuthenticationVCRouting.swift */; };
		B9FAB1461F1AAF7200530B6F /* AuthenticatingVCRouter.swift in Sources */ = {isa = PBXBuildFile; fileRef = B9FAB1451F1AAF7200530B6F /* AuthenticatingVCRouter.swift */; };
		B9FAB1481F1AB0E800530B6F /* NavigationControllerProvider.swift in Sources */ = {isa = PBXBuildFile; fileRef = B9FAB1471F1AB0E800530B6F /* NavigationControllerProvider.swift */; };
		B9FAB14A1F1AB41600530B6F /* AllTheThingsViewController.swift in Sources */ = {isa = PBXBuildFile; fileRef = B9FAB1491F1AB41600530B6F /* AllTheThingsViewController.swift */; };
		D240F6699428E9CC23573524 /* Pods_2Farm2Furious.framework in Frameworks */ = {isa = PBXBuildFile; fileRef = 4EC46821A8484405DC931E1C /* Pods_2Farm2Furious.framework */; };
		DB7F2F16DF044952B9C8015D /* Pods_2Farm2FuriousTests.framework in Frameworks */ = {isa = PBXBuildFile; fileRef = DD27D95016FB4199C3196391 /* Pods_2Farm2FuriousTests.framework */; };
/* End PBXBuildFile section */

/* Begin PBXContainerItemProxy section */
		B9EBFF541F15FAEC00F2EF58 /* PBXContainerItemProxy */ = {
			isa = PBXContainerItemProxy;
			containerPortal = B9EBFF371F15FAEC00F2EF58 /* Project object */;
			proxyType = 1;
			remoteGlobalIDString = B9EBFF3E1F15FAEC00F2EF58;
			remoteInfo = 2Farm2Furious;
		};
/* End PBXContainerItemProxy section */

/* Begin PBXFileReference section */
		4EC46821A8484405DC931E1C /* Pods_2Farm2Furious.framework */ = {isa = PBXFileReference; explicitFileType = wrapper.framework; includeInIndex = 0; path = Pods_2Farm2Furious.framework; sourceTree = BUILT_PRODUCTS_DIR; };
		5DE1DBCA8D1129B977318C1C /* Pods-2Farm2Furious.release.xcconfig */ = {isa = PBXFileReference; includeInIndex = 1; lastKnownFileType = text.xcconfig; name = "Pods-2Farm2Furious.release.xcconfig"; path = "Pods/Target Support Files/Pods-2Farm2Furious/Pods-2Farm2Furious.release.xcconfig"; sourceTree = "<group>"; };
		6B13F3239DE1726418128CDE /* Pods-2Farm2FuriousTests.release.xcconfig */ = {isa = PBXFileReference; includeInIndex = 1; lastKnownFileType = text.xcconfig; name = "Pods-2Farm2FuriousTests.release.xcconfig"; path = "Pods/Target Support Files/Pods-2Farm2FuriousTests/Pods-2Farm2FuriousTests.release.xcconfig"; sourceTree = "<group>"; };
		892606BA71AD5EB71A5BF8FD /* Pods-2Farm2Furious.debug.xcconfig */ = {isa = PBXFileReference; includeInIndex = 1; lastKnownFileType = text.xcconfig; name = "Pods-2Farm2Furious.debug.xcconfig"; path = "Pods/Target Support Files/Pods-2Farm2Furious/Pods-2Farm2Furious.debug.xcconfig"; sourceTree = "<group>"; };
		B94662EF1F1ADFC000C9BD26 /* LoginViewSpec.swift */ = {isa = PBXFileReference; fileEncoding = 4; lastKnownFileType = sourcecode.swift; path = LoginViewSpec.swift; sourceTree = "<group>"; };
		B94662F31F1B043500C9BD26 /* AuthenticationViewControllerSpecs.swift */ = {isa = PBXFileReference; fileEncoding = 4; lastKnownFileType = sourcecode.swift; path = AuthenticationViewControllerSpecs.swift; sourceTree = "<group>"; };
		B94662F51F1B04A600C9BD26 /* TestHelpers.swift */ = {isa = PBXFileReference; fileEncoding = 4; lastKnownFileType = sourcecode.swift; path = TestHelpers.swift; sourceTree = "<group>"; };
		B94662F71F1B063E00C9BD26 /* MainAssembly.swift */ = {isa = PBXFileReference; fileEncoding = 4; lastKnownFileType = sourcecode.swift; path = MainAssembly.swift; sourceTree = "<group>"; };
		B94662FD1F1B467600C9BD26 /* FakeAuthenticationKitchener.swift */ = {isa = PBXFileReference; fileEncoding = 4; lastKnownFileType = sourcecode.swift; path = FakeAuthenticationKitchener.swift; sourceTree = "<group>"; };
		B94662FF1F1B4A6000C9BD26 /* FakeAuthenticationVCRouting.swift */ = {isa = PBXFileReference; fileEncoding = 4; lastKnownFileType = sourcecode.swift; path = FakeAuthenticationVCRouting.swift; sourceTree = "<group>"; };
		B94663011F1B4ABC00C9BD26 /* FakeLoginView.swift */ = {isa = PBXFileReference; fileEncoding = 4; lastKnownFileType = sourcecode.swift; path = FakeLoginView.swift; sourceTree = "<group>"; };
		B94663041F1C19FC00C9BD26 /* AuthenticationKitchenSpec.swift */ = {isa = PBXFileReference; fileEncoding = 4; lastKnownFileType = sourcecode.swift; path = AuthenticationKitchenSpec.swift; sourceTree = "<group>"; };
		B94663061F1C1A9300C9BD26 /* FakeFieldValidating.swift */ = {isa = PBXFileReference; fileEncoding = 4; lastKnownFileType = sourcecode.swift; path = FakeFieldValidating.swift; sourceTree = "<group>"; };
		B94663081F1C1AAE00C9BD26 /* FakeCoronaService.swift */ = {isa = PBXFileReference; fileEncoding = 4; lastKnownFileType = sourcecode.swift; path = FakeCoronaService.swift; sourceTree = "<group>"; };
		B94663181F1C77D000C9BD26 /* CoronaDomainModelServicing.swift */ = {isa = PBXFileReference; fileEncoding = 4; lastKnownFileType = sourcecode.swift; path = CoronaDomainModelServicing.swift; sourceTree = "<group>"; };
		B946631B1F1C780600C9BD26 /* CoronaBeer.swift */ = {isa = PBXFileReference; fileEncoding = 4; lastKnownFileType = sourcecode.swift; path = CoronaBeer.swift; sourceTree = "<group>"; };
		B97E448B4856B43AAB7B70E8 /* Pods-2Farm2FuriousTests.debug.xcconfig */ = {isa = PBXFileReference; includeInIndex = 1; lastKnownFileType = text.xcconfig; name = "Pods-2Farm2FuriousTests.debug.xcconfig"; path = "Pods/Target Support Files/Pods-2Farm2FuriousTests/Pods-2Farm2FuriousTests.debug.xcconfig"; sourceTree = "<group>"; };
		B9EBFF3F1F15FAEC00F2EF58 /* 2Farm2Furious.app */ = {isa = PBXFileReference; explicitFileType = wrapper.application; includeInIndex = 0; path = 2Farm2Furious.app; sourceTree = BUILT_PRODUCTS_DIR; };
		B9EBFF421F15FAEC00F2EF58 /* AppDelegate.swift */ = {isa = PBXFileReference; lastKnownFileType = sourcecode.swift; path = AppDelegate.swift; sourceTree = "<group>"; };
		B9EBFF441F15FAEC00F2EF58 /* AuthenticationViewController.swift */ = {isa = PBXFileReference; lastKnownFileType = sourcecode.swift; path = AuthenticationViewController.swift; sourceTree = "<group>"; };
		B9EBFF471F15FAEC00F2EF58 /* Base */ = {isa = PBXFileReference; lastKnownFileType = file.storyboard; name = Base; path = Base.lproj/Main.storyboard; sourceTree = "<group>"; };
		B9EBFF491F15FAEC00F2EF58 /* Assets.xcassets */ = {isa = PBXFileReference; lastKnownFileType = folder.assetcatalog; path = Assets.xcassets; sourceTree = "<group>"; };
		B9EBFF4C1F15FAEC00F2EF58 /* Base */ = {isa = PBXFileReference; lastKnownFileType = file.storyboard; name = Base; path = Base.lproj/LaunchScreen.storyboard; sourceTree = "<group>"; };
		B9EBFF4E1F15FAEC00F2EF58 /* Info.plist */ = {isa = PBXFileReference; lastKnownFileType = text.plist.xml; path = Info.plist; sourceTree = "<group>"; };
		B9EBFF531F15FAEC00F2EF58 /* 2Farm2FuriousTests.xctest */ = {isa = PBXFileReference; explicitFileType = wrapper.cfbundle; includeInIndex = 0; path = 2Farm2FuriousTests.xctest; sourceTree = BUILT_PRODUCTS_DIR; };
		B9EBFF591F15FAEC00F2EF58 /* Info.plist */ = {isa = PBXFileReference; lastKnownFileType = text.plist.xml; path = Info.plist; sourceTree = "<group>"; };
		B9EBFF621F1718CD00F2EF58 /* 2Farm2FuriousTests-Bridging-Header.h */ = {isa = PBXFileReference; lastKnownFileType = sourcecode.c.h; path = "2Farm2FuriousTests-Bridging-Header.h"; sourceTree = "<group>"; };
		B9EBFF691F172DAB00F2EF58 /* LoginView.swift */ = {isa = PBXFileReference; fileEncoding = 4; lastKnownFileType = sourcecode.swift; path = LoginView.swift; sourceTree = "<group>"; };
		B9EBFF6C1F172DBE00F2EF58 /* LoginView.xib */ = {isa = PBXFileReference; fileEncoding = 4; lastKnownFileType = file.xib; path = LoginView.xib; sourceTree = "<group>"; };
		B9FAB1291F19F55F00530B6F /* AuthenticationKitchener.swift */ = {isa = PBXFileReference; fileEncoding = 4; lastKnownFileType = sourcecode.swift; path = AuthenticationKitchener.swift; sourceTree = "<group>"; };
		B9FAB12B1F19F6AD00530B6F /* AuthenticationKitchen.swift */ = {isa = PBXFileReference; fileEncoding = 4; lastKnownFileType = sourcecode.swift; path = AuthenticationKitchen.swift; sourceTree = "<group>"; };
		B9FAB12E1F19FC6800530B6F /* FastAndTheFuriousCastValidator.swift */ = {isa = PBXFileReference; fileEncoding = 4; lastKnownFileType = sourcecode.swift; path = FastAndTheFuriousCastValidator.swift; sourceTree = "<group>"; };
		B9FAB1311F1A04A600530B6F /* CoronaService.swift */ = {isa = PBXFileReference; fileEncoding = 4; lastKnownFileType = sourcecode.swift; path = CoronaService.swift; sourceTree = "<group>"; };
		B9FAB1341F1A06AC00530B6F /* SwinjectStoryboard+2Farm2Furious.swift */ = {isa = PBXFileReference; fileEncoding = 4; lastKnownFileType = sourcecode.swift; path = "SwinjectStoryboard+2Farm2Furious.swift"; sourceTree = "<group>"; };
		B9FAB1371F1A91B700530B6F /* StandardFieldValidator.swift */ = {isa = PBXFileReference; fileEncoding = 4; lastKnownFileType = sourcecode.swift; path = StandardFieldValidator.swift; sourceTree = "<group>"; };
		B9FAB1391F1A921A00530B6F /* FieldValidating.swift */ = {isa = PBXFileReference; fileEncoding = 4; lastKnownFileType = sourcecode.swift; path = FieldValidating.swift; sourceTree = "<group>"; };
		B9FAB1401F1AADC000530B6F /* StoryboardProvider.swift */ = {isa = PBXFileReference; fileEncoding = 4; lastKnownFileType = sourcecode.swift; path = StoryboardProvider.swift; sourceTree = "<group>"; };
		B9FAB1431F1AAF3B00530B6F /* AuthenticationVCRouting.swift */ = {isa = PBXFileReference; fileEncoding = 4; lastKnownFileType = sourcecode.swift; path = AuthenticationVCRouting.swift; sourceTree = "<group>"; };
		B9FAB1451F1AAF7200530B6F /* AuthenticatingVCRouter.swift */ = {isa = PBXFileReference; fileEncoding = 4; lastKnownFileType = sourcecode.swift; path = AuthenticatingVCRouter.swift; sourceTree = "<group>"; };
		B9FAB1471F1AB0E800530B6F /* NavigationControllerProvider.swift */ = {isa = PBXFileReference; fileEncoding = 4; lastKnownFileType = sourcecode.swift; path = NavigationControllerProvider.swift; sourceTree = "<group>"; };
		B9FAB1491F1AB41600530B6F /* AllTheThingsViewController.swift */ = {isa = PBXFileReference; fileEncoding = 4; lastKnownFileType = sourcecode.swift; path = AllTheThingsViewController.swift; sourceTree = "<group>"; };
		DD27D95016FB4199C3196391 /* Pods_2Farm2FuriousTests.framework */ = {isa = PBXFileReference; explicitFileType = wrapper.framework; includeInIndex = 0; path = Pods_2Farm2FuriousTests.framework; sourceTree = BUILT_PRODUCTS_DIR; };
/* End PBXFileReference section */

/* Begin PBXFrameworksBuildPhase section */
		B9EBFF3C1F15FAEC00F2EF58 /* Frameworks */ = {
			isa = PBXFrameworksBuildPhase;
			buildActionMask = 2147483647;
			files = (
				D240F6699428E9CC23573524 /* Pods_2Farm2Furious.framework in Frameworks */,
			);
			runOnlyForDeploymentPostprocessing = 0;
		};
		B9EBFF501F15FAEC00F2EF58 /* Frameworks */ = {
			isa = PBXFrameworksBuildPhase;
			buildActionMask = 2147483647;
			files = (
				DB7F2F16DF044952B9C8015D /* Pods_2Farm2FuriousTests.framework in Frameworks */,
			);
			runOnlyForDeploymentPostprocessing = 0;
		};
/* End PBXFrameworksBuildPhase section */

/* Begin PBXGroup section */
		7685064694B1F485015F2163 /* Frameworks */ = {
			isa = PBXGroup;
			children = (
				4EC46821A8484405DC931E1C /* Pods_2Farm2Furious.framework */,
				DD27D95016FB4199C3196391 /* Pods_2Farm2FuriousTests.framework */,
			);
			name = Frameworks;
			sourceTree = "<group>";
		};
		B94662F21F1B042200C9BD26 /* Tests */ = {
			isa = PBXGroup;
			children = (
				B94662F31F1B043500C9BD26 /* AuthenticationViewControllerSpecs.swift */,
			);
			name = Tests;
			sourceTree = "<group>";
		};
		B94662FB1F1B45B600C9BD26 /* Fakes */ = {
			isa = PBXGroup;
			children = (
				B94662FD1F1B467600C9BD26 /* FakeAuthenticationKitchener.swift */,
				B94662FF1F1B4A6000C9BD26 /* FakeAuthenticationVCRouting.swift */,
				B94663011F1B4ABC00C9BD26 /* FakeLoginView.swift */,
				B94663061F1C1A9300C9BD26 /* FakeFieldValidating.swift */,
				B94663081F1C1AAE00C9BD26 /* FakeCoronaService.swift */,
			);
			name = Fakes;
			sourceTree = "<group>";
		};
		B94662FC1F1B45BC00C9BD26 /* TestHelpers */ = {
			isa = PBXGroup;
			children = (
				B94662F51F1B04A600C9BD26 /* TestHelpers.swift */,
			);
			name = TestHelpers;
			sourceTree = "<group>";
		};
		B94663031F1C19C900C9BD26 /* Tests */ = {
			isa = PBXGroup;
			children = (
				B94663041F1C19FC00C9BD26 /* AuthenticationKitchenSpec.swift */,
			);
			name = Tests;
			sourceTree = "<group>";
		};
		B946631A1F1C77E500C9BD26 /* DomainModels */ = {
			isa = PBXGroup;
			children = (
				B946631B1F1C780600C9BD26 /* CoronaBeer.swift */,
			);
			name = DomainModels;
			sourceTree = "<group>";
		};
		B9EBFF361F15FAEC00F2EF58 = {
			isa = PBXGroup;
			children = (
				B9EBFF411F15FAEC00F2EF58 /* 2Farm2Furious */,
				B9EBFF561F15FAEC00F2EF58 /* 2Farm2FuriousTests */,
				B9EBFF401F15FAEC00F2EF58 /* Products */,
				BE5CEA26818A841A74FA939D /* Pods */,
				7685064694B1F485015F2163 /* Frameworks */,
			);
			sourceTree = "<group>";
		};
		B9EBFF401F15FAEC00F2EF58 /* Products */ = {
			isa = PBXGroup;
			children = (
				B9EBFF3F1F15FAEC00F2EF58 /* 2Farm2Furious.app */,
				B9EBFF531F15FAEC00F2EF58 /* 2Farm2FuriousTests.xctest */,
			);
			name = Products;
			sourceTree = "<group>";
		};
		B9EBFF411F15FAEC00F2EF58 /* 2Farm2Furious */ = {
			isa = PBXGroup;
			children = (
				B946631A1F1C77E500C9BD26 /* DomainModels */,
				B9FAB14B1F1AD6ED00530B6F /* Providers */,
				B9FAB1421F1AAF2C00530B6F /* Routers */,
				B9FAB1331F1A061E00530B6F /* DI */,
				B9FAB1301F1A049200530B6F /* Services */,
				B9FAB12D1F19FC0E00530B6F /* Validators */,
				B9FAB1281F19F4FB00530B6F /* Protocols */,
				B9FAB1271F19F4EE00530B6F /* Kitchens */,
				B9FAB1361F1A06DB00530B6F /* ViewControllers */,
				B9EBFF651F17190900F2EF58 /* Views */,
				B9EBFF421F15FAEC00F2EF58 /* AppDelegate.swift */,
				B9EBFF461F15FAEC00F2EF58 /* Main.storyboard */,
				B9EBFF491F15FAEC00F2EF58 /* Assets.xcassets */,
				B9EBFF4B1F15FAEC00F2EF58 /* LaunchScreen.storyboard */,
				B9EBFF4E1F15FAEC00F2EF58 /* Info.plist */,
			);
			path = 2Farm2Furious;
			sourceTree = "<group>";
		};
		B9EBFF561F15FAEC00F2EF58 /* 2Farm2FuriousTests */ = {
			isa = PBXGroup;
			children = (
				B94662FC1F1B45BC00C9BD26 /* TestHelpers */,
				B94662FB1F1B45B600C9BD26 /* Fakes */,
				B9EBFF591F15FAEC00F2EF58 /* Info.plist */,
				B9EBFF621F1718CD00F2EF58 /* 2Farm2FuriousTests-Bridging-Header.h */,
			);
			path = 2Farm2FuriousTests;
			sourceTree = "<group>";
		};
		B9EBFF651F17190900F2EF58 /* Views */ = {
			isa = PBXGroup;
			children = (
				B9FAB14C1F1ADB2000530B6F /* Tests */,
				B9EBFF691F172DAB00F2EF58 /* LoginView.swift */,
				B9EBFF6C1F172DBE00F2EF58 /* LoginView.xib */,
			);
			name = Views;
			sourceTree = "<group>";
		};
		B9FAB1271F19F4EE00530B6F /* Kitchens */ = {
			isa = PBXGroup;
			children = (
				B94663031F1C19C900C9BD26 /* Tests */,
				B9FAB12B1F19F6AD00530B6F /* AuthenticationKitchen.swift */,
			);
			name = Kitchens;
			sourceTree = "<group>";
		};
		B9FAB1281F19F4FB00530B6F /* Protocols */ = {
			isa = PBXGroup;
			children = (
				B9FAB1291F19F55F00530B6F /* AuthenticationKitchener.swift */,
				B9FAB1391F1A921A00530B6F /* FieldValidating.swift */,
				B9FAB1431F1AAF3B00530B6F /* AuthenticationVCRouting.swift */,
				B94663181F1C77D000C9BD26 /* CoronaDomainModelServicing.swift */,
			);
			name = Protocols;
			sourceTree = "<group>";
		};
		B9FAB12D1F19FC0E00530B6F /* Validators */ = {
			isa = PBXGroup;
			children = (
				B9FAB12E1F19FC6800530B6F /* FastAndTheFuriousCastValidator.swift */,
				B9FAB1371F1A91B700530B6F /* StandardFieldValidator.swift */,
			);
			name = Validators;
			sourceTree = "<group>";
		};
		B9FAB1301F1A049200530B6F /* Services */ = {
			isa = PBXGroup;
			children = (
				B9FAB1311F1A04A600530B6F /* CoronaService.swift */,
			);
			name = Services;
			sourceTree = "<group>";
		};
		B9FAB1331F1A061E00530B6F /* DI */ = {
			isa = PBXGroup;
			children = (
				B9FAB1341F1A06AC00530B6F /* SwinjectStoryboard+2Farm2Furious.swift */,
				B94662F71F1B063E00C9BD26 /* MainAssembly.swift */,
			);
			name = DI;
			sourceTree = "<group>";
		};
		B9FAB1361F1A06DB00530B6F /* ViewControllers */ = {
			isa = PBXGroup;
			children = (
				B94662F21F1B042200C9BD26 /* Tests */,
				B9EBFF441F15FAEC00F2EF58 /* AuthenticationViewController.swift */,
				B9FAB1491F1AB41600530B6F /* AllTheThingsViewController.swift */,
			);
			name = ViewControllers;
			sourceTree = "<group>";
		};
		B9FAB1421F1AAF2C00530B6F /* Routers */ = {
			isa = PBXGroup;
			children = (
				B9FAB1451F1AAF7200530B6F /* AuthenticatingVCRouter.swift */,
			);
			name = Routers;
			sourceTree = "<group>";
		};
		B9FAB14B1F1AD6ED00530B6F /* Providers */ = {
			isa = PBXGroup;
			children = (
				B9FAB1401F1AADC000530B6F /* StoryboardProvider.swift */,
				B9FAB1471F1AB0E800530B6F /* NavigationControllerProvider.swift */,
			);
			name = Providers;
			sourceTree = "<group>";
		};
		B9FAB14C1F1ADB2000530B6F /* Tests */ = {
			isa = PBXGroup;
			children = (
				B94662EF1F1ADFC000C9BD26 /* LoginViewSpec.swift */,
			);
			name = Tests;
			sourceTree = "<group>";
		};
		BE5CEA26818A841A74FA939D /* Pods */ = {
			isa = PBXGroup;
			children = (
				892606BA71AD5EB71A5BF8FD /* Pods-2Farm2Furious.debug.xcconfig */,
				5DE1DBCA8D1129B977318C1C /* Pods-2Farm2Furious.release.xcconfig */,
				B97E448B4856B43AAB7B70E8 /* Pods-2Farm2FuriousTests.debug.xcconfig */,
				6B13F3239DE1726418128CDE /* Pods-2Farm2FuriousTests.release.xcconfig */,
			);
			name = Pods;
			sourceTree = "<group>";
		};
/* End PBXGroup section */

/* Begin PBXNativeTarget section */
		B9EBFF3E1F15FAEC00F2EF58 /* 2Farm2Furious */ = {
			isa = PBXNativeTarget;
			buildConfigurationList = B9EBFF5C1F15FAEC00F2EF58 /* Build configuration list for PBXNativeTarget "2Farm2Furious" */;
			buildPhases = (
				2823597C4D7321AE9C46B1AE /* [CP] Check Pods Manifest.lock */,
				B9EBFF3B1F15FAEC00F2EF58 /* Sources */,
				B9EBFF3C1F15FAEC00F2EF58 /* Frameworks */,
				B9EBFF3D1F15FAEC00F2EF58 /* Resources */,
				7442F593E5ADAD045A3598CD /* [CP] Embed Pods Frameworks */,
				197A9A61EC754B023E91C63A /* [CP] Copy Pods Resources */,
			);
			buildRules = (
			);
			dependencies = (
			);
			name = 2Farm2Furious;
			productName = 2Farm2Furious;
			productReference = B9EBFF3F1F15FAEC00F2EF58 /* 2Farm2Furious.app */;
			productType = "com.apple.product-type.application";
		};
		B9EBFF521F15FAEC00F2EF58 /* 2Farm2FuriousTests */ = {
			isa = PBXNativeTarget;
			buildConfigurationList = B9EBFF5F1F15FAEC00F2EF58 /* Build configuration list for PBXNativeTarget "2Farm2FuriousTests" */;
			buildPhases = (
				0AE21F3A48261AA78DAE58B9 /* [CP] Check Pods Manifest.lock */,
				B9EBFF4F1F15FAEC00F2EF58 /* Sources */,
				B9EBFF501F15FAEC00F2EF58 /* Frameworks */,
				B9EBFF511F15FAEC00F2EF58 /* Resources */,
				48142CFFEFAA7A43AA1A86BB /* [CP] Embed Pods Frameworks */,
				E552655D9B67670B50DBE111 /* [CP] Copy Pods Resources */,
			);
			buildRules = (
			);
			dependencies = (
				B9EBFF551F15FAEC00F2EF58 /* PBXTargetDependency */,
			);
			name = 2Farm2FuriousTests;
			productName = 2Farm2FuriousTests;
			productReference = B9EBFF531F15FAEC00F2EF58 /* 2Farm2FuriousTests.xctest */;
			productType = "com.apple.product-type.bundle.unit-test";
		};
/* End PBXNativeTarget section */

/* Begin PBXProject section */
		B9EBFF371F15FAEC00F2EF58 /* Project object */ = {
			isa = PBXProject;
			attributes = {
				LastSwiftUpdateCheck = 0830;
				LastUpgradeCheck = 0830;
				ORGANIZATIONNAME = khappucino;
				TargetAttributes = {
					B9EBFF3E1F15FAEC00F2EF58 = {
						CreatedOnToolsVersion = 8.3.3;
						ProvisioningStyle = Automatic;
					};
					B9EBFF521F15FAEC00F2EF58 = {
						CreatedOnToolsVersion = 8.3.3;
						LastSwiftMigration = 0830;
						ProvisioningStyle = Automatic;
						TestTargetID = B9EBFF3E1F15FAEC00F2EF58;
					};
				};
			};
			buildConfigurationList = B9EBFF3A1F15FAEC00F2EF58 /* Build configuration list for PBXProject "2Farm2Furious" */;
			compatibilityVersion = "Xcode 3.2";
			developmentRegion = English;
			hasScannedForEncodings = 0;
			knownRegions = (
				en,
				Base,
			);
			mainGroup = B9EBFF361F15FAEC00F2EF58;
			productRefGroup = B9EBFF401F15FAEC00F2EF58 /* Products */;
			projectDirPath = "";
			projectRoot = "";
			targets = (
				B9EBFF3E1F15FAEC00F2EF58 /* 2Farm2Furious */,
				B9EBFF521F15FAEC00F2EF58 /* 2Farm2FuriousTests */,
			);
		};
/* End PBXProject section */

/* Begin PBXResourcesBuildPhase section */
		B9EBFF3D1F15FAEC00F2EF58 /* Resources */ = {
			isa = PBXResourcesBuildPhase;
			buildActionMask = 2147483647;
			files = (
				B9EBFF6D1F172DBE00F2EF58 /* LoginView.xib in Resources */,
				B9EBFF4D1F15FAEC00F2EF58 /* LaunchScreen.storyboard in Resources */,
				B9EBFF4A1F15FAEC00F2EF58 /* Assets.xcassets in Resources */,
				B9EBFF481F15FAEC00F2EF58 /* Main.storyboard in Resources */,
			);
			runOnlyForDeploymentPostprocessing = 0;
		};
		B9EBFF511F15FAEC00F2EF58 /* Resources */ = {
			isa = PBXResourcesBuildPhase;
			buildActionMask = 2147483647;
			files = (
				B9EBFF6E1F172DBE00F2EF58 /* LoginView.xib in Resources */,
			);
			runOnlyForDeploymentPostprocessing = 0;
		};
/* End PBXResourcesBuildPhase section */

/* Begin PBXShellScriptBuildPhase section */
		0AE21F3A48261AA78DAE58B9 /* [CP] Check Pods Manifest.lock */ = {
			isa = PBXShellScriptBuildPhase;
			buildActionMask = 2147483647;
			files = (
			);
			inputPaths = (
			);
			name = "[CP] Check Pods Manifest.lock";
			outputPaths = (
			);
			runOnlyForDeploymentPostprocessing = 0;
			shellPath = /bin/sh;
			shellScript = "diff \"${PODS_PODFILE_DIR_PATH}/Podfile.lock\" \"${PODS_ROOT}/Manifest.lock\" > /dev/null\nif [ $? != 0 ] ; then\n    # print error to STDERR\n    echo \"error: The sandbox is not in sync with the Podfile.lock. Run 'pod install' or update your CocoaPods installation.\" >&2\n    exit 1\nfi\n";
			showEnvVarsInLog = 0;
		};
		197A9A61EC754B023E91C63A /* [CP] Copy Pods Resources */ = {
			isa = PBXShellScriptBuildPhase;
			buildActionMask = 2147483647;
			files = (
			);
			inputPaths = (
			);
			name = "[CP] Copy Pods Resources";
			outputPaths = (
			);
			runOnlyForDeploymentPostprocessing = 0;
			shellPath = /bin/sh;
			shellScript = "\"${SRCROOT}/Pods/Target Support Files/Pods-2Farm2Furious/Pods-2Farm2Furious-resources.sh\"\n";
			showEnvVarsInLog = 0;
		};
		2823597C4D7321AE9C46B1AE /* [CP] Check Pods Manifest.lock */ = {
			isa = PBXShellScriptBuildPhase;
			buildActionMask = 2147483647;
			files = (
			);
			inputPaths = (
			);
			name = "[CP] Check Pods Manifest.lock";
			outputPaths = (
			);
			runOnlyForDeploymentPostprocessing = 0;
			shellPath = /bin/sh;
			shellScript = "diff \"${PODS_PODFILE_DIR_PATH}/Podfile.lock\" \"${PODS_ROOT}/Manifest.lock\" > /dev/null\nif [ $? != 0 ] ; then\n    # print error to STDERR\n    echo \"error: The sandbox is not in sync with the Podfile.lock. Run 'pod install' or update your CocoaPods installation.\" >&2\n    exit 1\nfi\n";
			showEnvVarsInLog = 0;
		};
		48142CFFEFAA7A43AA1A86BB /* [CP] Embed Pods Frameworks */ = {
			isa = PBXShellScriptBuildPhase;
			buildActionMask = 2147483647;
			files = (
			);
			inputPaths = (
			);
			name = "[CP] Embed Pods Frameworks";
			outputPaths = (
			);
			runOnlyForDeploymentPostprocessing = 0;
			shellPath = /bin/sh;
			shellScript = "\"${SRCROOT}/Pods/Target Support Files/Pods-2Farm2FuriousTests/Pods-2Farm2FuriousTests-frameworks.sh\"\n";
			showEnvVarsInLog = 0;
		};
		7442F593E5ADAD045A3598CD /* [CP] Embed Pods Frameworks */ = {
			isa = PBXShellScriptBuildPhase;
			buildActionMask = 2147483647;
			files = (
			);
			inputPaths = (
			);
			name = "[CP] Embed Pods Frameworks";
			outputPaths = (
			);
			runOnlyForDeploymentPostprocessing = 0;
			shellPath = /bin/sh;
			shellScript = "\"${SRCROOT}/Pods/Target Support Files/Pods-2Farm2Furious/Pods-2Farm2Furious-frameworks.sh\"\n";
			showEnvVarsInLog = 0;
		};
		E552655D9B67670B50DBE111 /* [CP] Copy Pods Resources */ = {
			isa = PBXShellScriptBuildPhase;
			buildActionMask = 2147483647;
			files = (
			);
			inputPaths = (
			);
			name = "[CP] Copy Pods Resources";
			outputPaths = (
			);
			runOnlyForDeploymentPostprocessing = 0;
			shellPath = /bin/sh;
			shellScript = "\"${SRCROOT}/Pods/Target Support Files/Pods-2Farm2FuriousTests/Pods-2Farm2FuriousTests-resources.sh\"\n";
			showEnvVarsInLog = 0;
		};
/* End PBXShellScriptBuildPhase section */

/* Begin PBXSourcesBuildPhase section */
		B9EBFF3B1F15FAEC00F2EF58 /* Sources */ = {
			isa = PBXSourcesBuildPhase;
			buildActionMask = 2147483647;
			files = (
				B9FAB1481F1AB0E800530B6F /* NavigationControllerProvider.swift in Sources */,
				B9FAB1321F1A04A600530B6F /* CoronaService.swift in Sources */,
				B94662F81F1B063E00C9BD26 /* MainAssembly.swift in Sources */,
				B9EBFF451F15FAEC00F2EF58 /* AuthenticationViewController.swift in Sources */,
				B94662F11F1AE14100C9BD26 /* LoginView.swift in Sources */,
				B9FAB14A1F1AB41600530B6F /* AllTheThingsViewController.swift in Sources */,
				B9FAB1381F1A91B700530B6F /* StandardFieldValidator.swift in Sources */,
				B9FAB1411F1AADC000530B6F /* StoryboardProvider.swift in Sources */,
				B9FAB1351F1A06AC00530B6F /* SwinjectStoryboard+2Farm2Furious.swift in Sources */,
				B9EBFF431F15FAEC00F2EF58 /* AppDelegate.swift in Sources */,
				B9FAB12F1F19FC6800530B6F /* FastAndTheFuriousCastValidator.swift in Sources */,
				B9FAB13A1F1A921A00530B6F /* FieldValidating.swift in Sources */,
				B9FAB1441F1AAF3B00530B6F /* AuthenticationVCRouting.swift in Sources */,
				B94663191F1C77D000C9BD26 /* CoronaDomainModelServicing.swift in Sources */,
				B9FAB1461F1AAF7200530B6F /* AuthenticatingVCRouter.swift in Sources */,
				B9FAB12C1F19F6AD00530B6F /* AuthenticationKitchen.swift in Sources */,
				B9FAB12A1F19F55F00530B6F /* AuthenticationKitchener.swift in Sources */,
				B946631C1F1C780600C9BD26 /* CoronaBeer.swift in Sources */,
			);
			runOnlyForDeploymentPostprocessing = 0;
		};
		B9EBFF4F1F15FAEC00F2EF58 /* Sources */ = {
			isa = PBXSourcesBuildPhase;
			buildActionMask = 2147483647;
			files = (
				B94663051F1C19FC00C9BD26 /* AuthenticationKitchenSpec.swift in Sources */,
				B94663001F1B4A6000C9BD26 /* FakeAuthenticationVCRouting.swift in Sources */,
				B94663071F1C1A9300C9BD26 /* FakeFieldValidating.swift in Sources */,
				B94662FE1F1B467600C9BD26 /* FakeAuthenticationKitchener.swift in Sources */,
				B94663091F1C1AAE00C9BD26 /* FakeCoronaService.swift in Sources */,
				B94662F01F1ADFC000C9BD26 /* LoginViewSpec.swift in Sources */,
				B94663021F1B4ABC00C9BD26 /* FakeLoginView.swift in Sources */,
				B94662F41F1B043500C9BD26 /* AuthenticationViewControllerSpecs.swift in Sources */,
				B94662F61F1B04A600C9BD26 /* TestHelpers.swift in Sources */,
			);
			runOnlyForDeploymentPostprocessing = 0;
		};
/* End PBXSourcesBuildPhase section */

/* Begin PBXTargetDependency section */
		B9EBFF551F15FAEC00F2EF58 /* PBXTargetDependency */ = {
			isa = PBXTargetDependency;
			target = B9EBFF3E1F15FAEC00F2EF58 /* 2Farm2Furious */;
			targetProxy = B9EBFF541F15FAEC00F2EF58 /* PBXContainerItemProxy */;
		};
/* End PBXTargetDependency section */

/* Begin PBXVariantGroup section */
		B9EBFF461F15FAEC00F2EF58 /* Main.storyboard */ = {
			isa = PBXVariantGroup;
			children = (
				B9EBFF471F15FAEC00F2EF58 /* Base */,
			);
			name = Main.storyboard;
			sourceTree = "<group>";
		};
		B9EBFF4B1F15FAEC00F2EF58 /* LaunchScreen.storyboard */ = {
			isa = PBXVariantGroup;
			children = (
				B9EBFF4C1F15FAEC00F2EF58 /* Base */,
			);
			name = LaunchScreen.storyboard;
			sourceTree = "<group>";
		};
/* End PBXVariantGroup section */

/* Begin XCBuildConfiguration section */
		B9EBFF5A1F15FAEC00F2EF58 /* Debug */ = {
			isa = XCBuildConfiguration;
			buildSettings = {
				ALWAYS_SEARCH_USER_PATHS = NO;
				CLANG_ANALYZER_NONNULL = YES;
				CLANG_ANALYZER_NUMBER_OBJECT_CONVERSION = YES_AGGRESSIVE;
				CLANG_CXX_LANGUAGE_STANDARD = "gnu++0x";
				CLANG_CXX_LIBRARY = "libc++";
				CLANG_ENABLE_MODULES = YES;
				CLANG_ENABLE_OBJC_ARC = YES;
				CLANG_WARN_BOOL_CONVERSION = YES;
				CLANG_WARN_CONSTANT_CONVERSION = YES;
				CLANG_WARN_DIRECT_OBJC_ISA_USAGE = YES_ERROR;
				CLANG_WARN_DOCUMENTATION_COMMENTS = YES;
				CLANG_WARN_EMPTY_BODY = YES;
				CLANG_WARN_ENUM_CONVERSION = YES;
				CLANG_WARN_INFINITE_RECURSION = YES;
				CLANG_WARN_INT_CONVERSION = YES;
				CLANG_WARN_OBJC_ROOT_CLASS = YES_ERROR;
				CLANG_WARN_SUSPICIOUS_MOVE = YES;
				CLANG_WARN_UNREACHABLE_CODE = YES;
				CLANG_WARN__DUPLICATE_METHOD_MATCH = YES;
				"CODE_SIGN_IDENTITY[sdk=iphoneos*]" = "iPhone Developer";
				COPY_PHASE_STRIP = NO;
				DEBUG_INFORMATION_FORMAT = dwarf;
				DEFINES_MODULE = YES;
				ENABLE_STRICT_OBJC_MSGSEND = YES;
				ENABLE_TESTABILITY = YES;
				GCC_C_LANGUAGE_STANDARD = gnu99;
				GCC_DYNAMIC_NO_PIC = NO;
				GCC_NO_COMMON_BLOCKS = YES;
				GCC_OPTIMIZATION_LEVEL = 0;
				GCC_PREPROCESSOR_DEFINITIONS = (
					"DEBUG=1",
					"$(inherited)",
				);
				GCC_WARN_64_TO_32_BIT_CONVERSION = YES;
				GCC_WARN_ABOUT_RETURN_TYPE = YES_ERROR;
				GCC_WARN_UNDECLARED_SELECTOR = YES;
				GCC_WARN_UNINITIALIZED_AUTOS = YES_AGGRESSIVE;
				GCC_WARN_UNUSED_FUNCTION = YES;
				GCC_WARN_UNUSED_VARIABLE = YES;
				IPHONEOS_DEPLOYMENT_TARGET = 10.3;
				MTL_ENABLE_DEBUG_INFO = YES;
				ONLY_ACTIVE_ARCH = YES;
				SDKROOT = iphoneos;
				SWIFT_ACTIVE_COMPILATION_CONDITIONS = DEBUG;
				SWIFT_OPTIMIZATION_LEVEL = "-Onone";
				TARGETED_DEVICE_FAMILY = "1,2";
			};
			name = Debug;
		};
		B9EBFF5B1F15FAEC00F2EF58 /* Release */ = {
			isa = XCBuildConfiguration;
			buildSettings = {
				ALWAYS_SEARCH_USER_PATHS = NO;
				CLANG_ANALYZER_NONNULL = YES;
				CLANG_ANALYZER_NUMBER_OBJECT_CONVERSION = YES_AGGRESSIVE;
				CLANG_CXX_LANGUAGE_STANDARD = "gnu++0x";
				CLANG_CXX_LIBRARY = "libc++";
				CLANG_ENABLE_MODULES = YES;
				CLANG_ENABLE_OBJC_ARC = YES;
				CLANG_WARN_BOOL_CONVERSION = YES;
				CLANG_WARN_CONSTANT_CONVERSION = YES;
				CLANG_WARN_DIRECT_OBJC_ISA_USAGE = YES_ERROR;
				CLANG_WARN_DOCUMENTATION_COMMENTS = YES;
				CLANG_WARN_EMPTY_BODY = YES;
				CLANG_WARN_ENUM_CONVERSION = YES;
				CLANG_WARN_INFINITE_RECURSION = YES;
				CLANG_WARN_INT_CONVERSION = YES;
				CLANG_WARN_OBJC_ROOT_CLASS = YES_ERROR;
				CLANG_WARN_SUSPICIOUS_MOVE = YES;
				CLANG_WARN_UNREACHABLE_CODE = YES;
				CLANG_WARN__DUPLICATE_METHOD_MATCH = YES;
				"CODE_SIGN_IDENTITY[sdk=iphoneos*]" = "iPhone Developer";
				COPY_PHASE_STRIP = NO;
				DEBUG_INFORMATION_FORMAT = "dwarf-with-dsym";
				DEFINES_MODULE = YES;
				ENABLE_NS_ASSERTIONS = NO;
				ENABLE_STRICT_OBJC_MSGSEND = YES;
				GCC_C_LANGUAGE_STANDARD = gnu99;
				GCC_NO_COMMON_BLOCKS = YES;
				GCC_WARN_64_TO_32_BIT_CONVERSION = YES;
				GCC_WARN_ABOUT_RETURN_TYPE = YES_ERROR;
				GCC_WARN_UNDECLARED_SELECTOR = YES;
				GCC_WARN_UNINITIALIZED_AUTOS = YES_AGGRESSIVE;
				GCC_WARN_UNUSED_FUNCTION = YES;
				GCC_WARN_UNUSED_VARIABLE = YES;
				IPHONEOS_DEPLOYMENT_TARGET = 10.3;
				MTL_ENABLE_DEBUG_INFO = NO;
				SDKROOT = iphoneos;
				SWIFT_OPTIMIZATION_LEVEL = "-Owholemodule";
				TARGETED_DEVICE_FAMILY = "1,2";
				VALIDATE_PRODUCT = YES;
			};
			name = Release;
		};
		B9EBFF5D1F15FAEC00F2EF58 /* Debug */ = {
			isa = XCBuildConfiguration;
			baseConfigurationReference = 892606BA71AD5EB71A5BF8FD /* Pods-2Farm2Furious.debug.xcconfig */;
			buildSettings = {
				ASSETCATALOG_COMPILER_APPICON_NAME = AppIcon;
				INFOPLIST_FILE = 2Farm2Furious/Info.plist;
				LD_RUNPATH_SEARCH_PATHS = "$(inherited) @executable_path/Frameworks";
				PRODUCT_BUNDLE_IDENTIFIER = "-farm2furiousa.-Farm2Furious";
				PRODUCT_NAME = "$(TARGET_NAME)";
				SWIFT_VERSION = 3.0;
			};
			name = Debug;
		};
		B9EBFF5E1F15FAEC00F2EF58 /* Release */ = {
			isa = XCBuildConfiguration;
			baseConfigurationReference = 5DE1DBCA8D1129B977318C1C /* Pods-2Farm2Furious.release.xcconfig */;
			buildSettings = {
				ASSETCATALOG_COMPILER_APPICON_NAME = AppIcon;
				INFOPLIST_FILE = 2Farm2Furious/Info.plist;
				LD_RUNPATH_SEARCH_PATHS = "$(inherited) @executable_path/Frameworks";
				PRODUCT_BUNDLE_IDENTIFIER = "-farm2furiousa.-Farm2Furious";
				PRODUCT_NAME = "$(TARGET_NAME)";
				SWIFT_VERSION = 3.0;
			};
			name = Release;
		};
		B9EBFF601F15FAEC00F2EF58 /* Debug */ = {
			isa = XCBuildConfiguration;
			baseConfigurationReference = B97E448B4856B43AAB7B70E8 /* Pods-2Farm2FuriousTests.debug.xcconfig */;
			buildSettings = {
				ALWAYS_EMBED_SWIFT_STANDARD_LIBRARIES = YES;
				BUNDLE_LOADER = "$(TEST_HOST)";
				CLANG_ENABLE_MODULES = YES;
				INFOPLIST_FILE = 2Farm2FuriousTests/Info.plist;
				LD_RUNPATH_SEARCH_PATHS = "$(inherited) @executable_path/Frameworks @loader_path/Frameworks";
				PRODUCT_BUNDLE_IDENTIFIER = "-farm2furiousa.-Farm2FuriousTests";
				PRODUCT_NAME = "$(TARGET_NAME)";
				SWIFT_OBJC_BRIDGING_HEADER = "2Farm2FuriousTests/2Farm2FuriousTests-Bridging-Header.h";
				SWIFT_OPTIMIZATION_LEVEL = "-Onone";
				SWIFT_VERSION = 3.0;
				TEST_HOST = "$(BUILT_PRODUCTS_DIR)/2Farm2Furious.app/2Farm2Furious";
			};
			name = Debug;
		};
		B9EBFF611F15FAEC00F2EF58 /* Release */ = {
			isa = XCBuildConfiguration;
			baseConfigurationReference = 6B13F3239DE1726418128CDE /* Pods-2Farm2FuriousTests.release.xcconfig */;
			buildSettings = {
				ALWAYS_EMBED_SWIFT_STANDARD_LIBRARIES = YES;
				BUNDLE_LOADER = "$(TEST_HOST)";
				CLANG_ENABLE_MODULES = YES;
				INFOPLIST_FILE = 2Farm2FuriousTests/Info.plist;
				LD_RUNPATH_SEARCH_PATHS = "$(inherited) @executable_path/Frameworks @loader_path/Frameworks";
				PRODUCT_BUNDLE_IDENTIFIER = "-farm2furiousa.-Farm2FuriousTests";
				PRODUCT_NAME = "$(TARGET_NAME)";
				SWIFT_OBJC_BRIDGING_HEADER = "2Farm2FuriousTests/2Farm2FuriousTests-Bridging-Header.h";
				SWIFT_VERSION = 3.0;
				TEST_HOST = "$(BUILT_PRODUCTS_DIR)/2Farm2Furious.app/2Farm2Furious";
			};
			name = Release;
		};
/* End XCBuildConfiguration section */

/* Begin XCConfigurationList section */
		B9EBFF3A1F15FAEC00F2EF58 /* Build configuration list for PBXProject "2Farm2Furious" */ = {
			isa = XCConfigurationList;
			buildConfigurations = (
				B9EBFF5A1F15FAEC00F2EF58 /* Debug */,
				B9EBFF5B1F15FAEC00F2EF58 /* Release */,
			);
			defaultConfigurationIsVisible = 0;
			defaultConfigurationName = Release;
		};
		B9EBFF5C1F15FAEC00F2EF58 /* Build configuration list for PBXNativeTarget "2Farm2Furious" */ = {
			isa = XCConfigurationList;
			buildConfigurations = (
				B9EBFF5D1F15FAEC00F2EF58 /* Debug */,
				B9EBFF5E1F15FAEC00F2EF58 /* Release */,
			);
			defaultConfigurationIsVisible = 0;
			defaultConfigurationName = Release;
		};
		B9EBFF5F1F15FAEC00F2EF58 /* Build configuration list for PBXNativeTarget "2Farm2FuriousTests" */ = {
			isa = XCConfigurationList;
			buildConfigurations = (
				B9EBFF601F15FAEC00F2EF58 /* Debug */,
				B9EBFF611F15FAEC00F2EF58 /* Release */,
			);
			defaultConfigurationIsVisible = 0;
			defaultConfigurationName = Release;
		};
/* End XCConfigurationList section */
	};
	rootObject = B9EBFF371F15FAEC00F2EF58 /* Project object */;
}
